
Microsoft Visual Studio Solution File, Format Version 12.00
# Visual Studio Version 17
VisualStudioVersion = 17.13.35806.99
MinimumVisualStudioVersion = 10.0.40219.1
Project("{FAE04EC0-301F-11D3-BF4B-00C04F79EFBC}") = "Funq.Tests", "tests\Funq.Tests\Funq.Tests.csproj", "{640BF38B-A4D7-4AA6-BC7E-82328AC07C73}"
EndProject
Project("{FAE04EC0-301F-11D3-BF4B-00C04F79EFBC}") = "Funq.Domain", "src\Funq.Domain\Funq.Domain.csproj", "{C5A54E96-45F7-4101-876B-F2AF259D07F4}"
EndProject
Global
	GlobalSection(SolutionConfigurationPlatforms) = preSolution
		Debug|Any CPU = Debug|Any CPU
		Release|Any CPU = Release|Any CPU
	EndGlobalSection
	GlobalSection(ProjectConfigurationPlatforms) = postSolution
		{640BF38B-A4D7-4AA6-BC7E-82328AC07C73}.Debug|Any CPU.ActiveCfg = Debug|Any CPU
		{640BF38B-A4D7-4AA6-BC7E-82328AC07C73}.Debug|Any CPU.Build.0 = Debug|Any CPU
		{640BF38B-A4D7-4AA6-BC7E-82328AC07C73}.Release|Any CPU.ActiveCfg = Release|Any CPU
		{640BF38B-A4D7-4AA6-BC7E-82328AC07C73}.Release|Any CPU.Build.0 = Release|Any CPU
		{C5A54E96-45F7-4101-876B-F2AF259D07F4}.Debug|Any CPU.ActiveCfg = Debug|Any CPU
		{C5A54E96-45F7-4101-876B-F2AF259D07F4}.Debug|Any CPU.Build.0 = Debug|Any CPU
		{C5A54E96-45F7-4101-876B-F2AF259D07F4}.Release|Any CPU.ActiveCfg = Release|Any CPU
		{C5A54E96-45F7-4101-876B-F2AF259D07F4}.Release|Any CPU.Build.0 = Release|Any CPU
	EndGlobalSection
	GlobalSection(SolutionProperties) = preSolution
		HideSolutionNode = FALSE
	EndGlobalSection
	GlobalSection(ExtensibilityGlobals) = postSolution
		SolutionGuid = {F16B4083-4532-4F77-8C12-86F503A92387}
	EndGlobalSection
EndGlobal
